
Microsoft Visual Studio Solution File, Format Version 12.00
# Visual Studio Version 17
VisualStudioVersion = 17.11.35327.3
MinimumVisualStudioVersion = 10.0.40219.1
Project("{FAE04EC0-301F-11D3-BF4B-00C04F79EFBC}") = "C_PROJECT", "C_PROJECT\C_PROJECT.csproj", "{EE2AEC3D-75F7-4366-B104-7553B090FB09}"
EndProject
Global
	GlobalSection(SolutionConfigurationPlatforms) = preSolution
		Debug|Any CPU = Debug|Any CPU
		Release|Any CPU = Release|Any CPU
	EndGlobalSection
	GlobalSection(ProjectConfigurationPlatforms) = postSolution
		{EE2AEC3D-75F7-4366-B104-7553B090FB09}.Debug|Any CPU.ActiveCfg = Debug|Any CPU
		{EE2AEC3D-75F7-4366-B104-7553B090FB09}.Debug|Any CPU.Build.0 = Debug|Any CPU
		{EE2AEC3D-75F7-4366-B104-7553B090FB09}.Release|Any CPU.ActiveCfg = Release|Any CPU
		{EE2AEC3D-75F7-4366-B104-7553B090FB09}.Release|Any CPU.Build.0 = Release|Any CPU
	EndGlobalSection
	GlobalSection(SolutionProperties) = preSolution
		HideSolutionNode = FALSE
	EndGlobalSection
	GlobalSection(ExtensibilityGlobals) = postSolution
		SolutionGuid = {D4FAFF71-14B4-4C48-9ACA-31D067D99CA4}
	EndGlobalSection
EndGlobal
